// !$*UTF8*$!
{
	archiveVersion = 1;
	classes = {
	};
	objectVersion = 50;
	objects = {

/* Begin PBXBuildFile section */
		089A42E1D7C1E92A7AA8C049 /* Pods_Rager_StreakTests.framework in Frameworks */ = {isa = PBXBuildFile; fileRef = 7F41657E45D61CD56D97C5C6 /* Pods_Rager_StreakTests.framework */; };
		38F03732EC4E68F0DAE9E1CA /* Pods_Rager_Streak.framework in Frameworks */ = {isa = PBXBuildFile; fileRef = 6E71E934D23872EAB5ACED6D /* Pods_Rager_Streak.framework */; };
		490393AC6816B2CFAAB4731B /* Pods_Rager_Streak_Rager_StreakUITests.framework in Frameworks */ = {isa = PBXBuildFile; fileRef = EE67317903D9FA5E71550CDA /* Pods_Rager_Streak_Rager_StreakUITests.framework */; };
		6D0AD9E925598F6700A6C3A6 /* AppDelegate.swift in Sources */ = {isa = PBXBuildFile; fileRef = 6D0AD9E825598F6700A6C3A6 /* AppDelegate.swift */; };
		6D0AD9EB25598F6700A6C3A6 /* SceneDelegate.swift in Sources */ = {isa = PBXBuildFile; fileRef = 6D0AD9EA25598F6700A6C3A6 /* SceneDelegate.swift */; };
		6D0AD9F025598F6700A6C3A6 /* Main.storyboard in Resources */ = {isa = PBXBuildFile; fileRef = 6D0AD9EE25598F6700A6C3A6 /* Main.storyboard */; };
		6D0AD9F225598F6A00A6C3A6 /* Assets.xcassets in Resources */ = {isa = PBXBuildFile; fileRef = 6D0AD9F125598F6A00A6C3A6 /* Assets.xcassets */; };
		6D0AD9F525598F6A00A6C3A6 /* LaunchScreen.storyboard in Resources */ = {isa = PBXBuildFile; fileRef = 6D0AD9F325598F6A00A6C3A6 /* LaunchScreen.storyboard */; };
		6D0ADA0025598F6A00A6C3A6 /* Rager_StreakTests.swift in Sources */ = {isa = PBXBuildFile; fileRef = 6D0AD9FF25598F6A00A6C3A6 /* Rager_StreakTests.swift */; };
		6D0ADA0B25598F6A00A6C3A6 /* Rager_StreakUITests.swift in Sources */ = {isa = PBXBuildFile; fileRef = 6D0ADA0A25598F6A00A6C3A6 /* Rager_StreakUITests.swift */; };
		6D0ADA1A2559917E00A6C3A6 /* UIColor+Hex.swift in Sources */ = {isa = PBXBuildFile; fileRef = 6D0ADA192559917E00A6C3A6 /* UIColor+Hex.swift */; };
		6D26E8D125685E3D00DB6771 /* RSColor.swift in Sources */ = {isa = PBXBuildFile; fileRef = 6D26E8D025685E3D00DB6771 /* RSColor.swift */; };
		6D26E8D5256863CF00DB6771 /* HomeViewController.swift in Sources */ = {isa = PBXBuildFile; fileRef = 6D26E8D4256863CF00DB6771 /* HomeViewController.swift */; };
		6D26E8D7256863DE00DB6771 /* HomePresenter.swift in Sources */ = {isa = PBXBuildFile; fileRef = 6D26E8D6256863DE00DB6771 /* HomePresenter.swift */; };
		6D26E8D9256863EB00DB6771 /* HomeInteractor.swift in Sources */ = {isa = PBXBuildFile; fileRef = 6D26E8D8256863EA00DB6771 /* HomeInteractor.swift */; };
		6D26E8DB256863F600DB6771 /* HomeRouter.swift in Sources */ = {isa = PBXBuildFile; fileRef = 6D26E8DA256863F600DB6771 /* HomeRouter.swift */; };
		6D26E8DE2568642C00DB6771 /* HomeModels.swift in Sources */ = {isa = PBXBuildFile; fileRef = 6D26E8DD2568642C00DB6771 /* HomeModels.swift */; };
		6D26E8E325686A6000DB6771 /* ImageView+Circle.swift in Sources */ = {isa = PBXBuildFile; fileRef = 6D26E8E225686A6000DB6771 /* ImageView+Circle.swift */; };
		6D4FD4162567003000DBD4A9 /* RSNavigationBar.swift in Sources */ = {isa = PBXBuildFile; fileRef = 6D4FD4152567003000DBD4A9 /* RSNavigationBar.swift */; };
		6D4FD419256708D200DBD4A9 /* RSViewController.swift in Sources */ = {isa = PBXBuildFile; fileRef = 6D4FD418256708D200DBD4A9 /* RSViewController.swift */; };
		6D8CD6132562E392008BB608 /* FirstScreenPresenter.swift in Sources */ = {isa = PBXBuildFile; fileRef = 6D8CD6122562E392008BB608 /* FirstScreenPresenter.swift */; };
		6D8CD6152562E3B6008BB608 /* FirstScreenViewController.swift in Sources */ = {isa = PBXBuildFile; fileRef = 6D8CD6142562E3B6008BB608 /* FirstScreenViewController.swift */; };
		6D8CD6172562E3DA008BB608 /* FirstScreenInteractor.swift in Sources */ = {isa = PBXBuildFile; fileRef = 6D8CD6162562E3DA008BB608 /* FirstScreenInteractor.swift */; };
		6D8CD61A2562F004008BB608 /* FirstScreenModels.swift in Sources */ = {isa = PBXBuildFile; fileRef = 6D8CD6192562F004008BB608 /* FirstScreenModels.swift */; };
		6D8CD61C2562FACF008BB608 /* UILabel+ChangeText.swift in Sources */ = {isa = PBXBuildFile; fileRef = 6D8CD61B2562FACF008BB608 /* UILabel+ChangeText.swift */; };
		6D8CD61E25630650008BB608 /* FirstScreenRouter.swift in Sources */ = {isa = PBXBuildFile; fileRef = 6D8CD61D25630650008BB608 /* FirstScreenRouter.swift */; };
		6D8CD622256311C3008BB608 /* SecondScreen.storyboard in Resources */ = {isa = PBXBuildFile; fileRef = 6D8CD621256311C3008BB608 /* SecondScreen.storyboard */; };
		6D8CD6252563138C008BB608 /* SecondScreenViewController.swift in Sources */ = {isa = PBXBuildFile; fileRef = 6D8CD6242563138C008BB608 /* SecondScreenViewController.swift */; };
		6D8CD62725631398008BB608 /* SecondScreenInteractor.swift in Sources */ = {isa = PBXBuildFile; fileRef = 6D8CD62625631398008BB608 /* SecondScreenInteractor.swift */; };
		6D8CD629256313A8008BB608 /* SecondScreenPresenter.swift in Sources */ = {isa = PBXBuildFile; fileRef = 6D8CD628256313A8008BB608 /* SecondScreenPresenter.swift */; };
		6D8CD62B256313BA008BB608 /* SecondScreenRouter.swift in Sources */ = {isa = PBXBuildFile; fileRef = 6D8CD62A256313BA008BB608 /* SecondScreenRouter.swift */; };
		6DBD745C25892588007A3178 /* RSTabBarController.swift in Sources */ = {isa = PBXBuildFile; fileRef = 6DBD745B25892588007A3178 /* RSTabBarController.swift */; };
		6DD1BE0D258A7BA500126B6C /* TableViewCell.swift in Sources */ = {isa = PBXBuildFile; fileRef = 6DD1BE08258A7BA500126B6C /* TableViewCell.swift */; };
		6DD1BE0E258A7BA500126B6C /* TableViewCell.xib in Resources */ = {isa = PBXBuildFile; fileRef = 6DD1BE09258A7BA500126B6C /* TableViewCell.xib */; };
		6DD1BE13258A83C600126B6C /* TableViewRagers.swift in Sources */ = {isa = PBXBuildFile; fileRef = 6DD1BE12258A83C600126B6C /* TableViewRagers.swift */; };
		6DED972A2589719200E627CD /* RagersViewController.swift in Sources */ = {isa = PBXBuildFile; fileRef = 6DED97292589719200E627CD /* RagersViewController.swift */; };
		6DED972C258971A200E627CD /* RagersPresenter.swift in Sources */ = {isa = PBXBuildFile; fileRef = 6DED972B258971A200E627CD /* RagersPresenter.swift */; };
		6DED972E258971B700E627CD /* RagersInteractor.swift in Sources */ = {isa = PBXBuildFile; fileRef = 6DED972D258971B700E627CD /* RagersInteractor.swift */; };
		6DED9730258971CA00E627CD /* RagersRouter.swift in Sources */ = {isa = PBXBuildFile; fileRef = 6DED972F258971CA00E627CD /* RagersRouter.swift */; };
		6DED9733258971E100E627CD /* RagersModels.swift in Sources */ = {isa = PBXBuildFile; fileRef = 6DED9732258971E100E627CD /* RagersModels.swift */; };
		6DEF99FB2566DB6600548A97 /* RSTextField.swift in Sources */ = {isa = PBXBuildFile; fileRef = 6DEF99FA2566DB6600548A97 /* RSTextField.swift */; };
/* End PBXBuildFile section */

/* Begin PBXContainerItemProxy section */
		6D0AD9FC25598F6A00A6C3A6 /* PBXContainerItemProxy */ = {
			isa = PBXContainerItemProxy;
			containerPortal = 6D0AD9DD25598F6700A6C3A6 /* Project object */;
			proxyType = 1;
			remoteGlobalIDString = 6D0AD9E425598F6700A6C3A6;
			remoteInfo = "Rager Streak";
		};
		6D0ADA0725598F6A00A6C3A6 /* PBXContainerItemProxy */ = {
			isa = PBXContainerItemProxy;
			containerPortal = 6D0AD9DD25598F6700A6C3A6 /* Project object */;
			proxyType = 1;
			remoteGlobalIDString = 6D0AD9E425598F6700A6C3A6;
			remoteInfo = "Rager Streak";
		};
/* End PBXContainerItemProxy section */

/* Begin PBXFileReference section */
		11B6545E753BFDC152D9B7C2 /* Pods-Rager Streak-Rager StreakUITests.release.xcconfig */ = {isa = PBXFileReference; includeInIndex = 1; lastKnownFileType = text.xcconfig; name = "Pods-Rager Streak-Rager StreakUITests.release.xcconfig"; path = "Target Support Files/Pods-Rager Streak-Rager StreakUITests/Pods-Rager Streak-Rager StreakUITests.release.xcconfig"; sourceTree = "<group>"; };
		2D59F1CD2A128987A7D4FDB7 /* Pods-Rager StreakTests.release.xcconfig */ = {isa = PBXFileReference; includeInIndex = 1; lastKnownFileType = text.xcconfig; name = "Pods-Rager StreakTests.release.xcconfig"; path = "Target Support Files/Pods-Rager StreakTests/Pods-Rager StreakTests.release.xcconfig"; sourceTree = "<group>"; };
		4F1EE8553246B57FA860A7AA /* Pods-Rager Streak-Rager StreakUITests.debug.xcconfig */ = {isa = PBXFileReference; includeInIndex = 1; lastKnownFileType = text.xcconfig; name = "Pods-Rager Streak-Rager StreakUITests.debug.xcconfig"; path = "Target Support Files/Pods-Rager Streak-Rager StreakUITests/Pods-Rager Streak-Rager StreakUITests.debug.xcconfig"; sourceTree = "<group>"; };
		5605B90FF3B9E0C821F8B1E1 /* Pods-Rager Streak.release.xcconfig */ = {isa = PBXFileReference; includeInIndex = 1; lastKnownFileType = text.xcconfig; name = "Pods-Rager Streak.release.xcconfig"; path = "Target Support Files/Pods-Rager Streak/Pods-Rager Streak.release.xcconfig"; sourceTree = "<group>"; };
		6D0AD9E525598F6700A6C3A6 /* Rager Streak.app */ = {isa = PBXFileReference; explicitFileType = wrapper.application; includeInIndex = 0; path = "Rager Streak.app"; sourceTree = BUILT_PRODUCTS_DIR; };
		6D0AD9E825598F6700A6C3A6 /* AppDelegate.swift */ = {isa = PBXFileReference; lastKnownFileType = sourcecode.swift; path = AppDelegate.swift; sourceTree = "<group>"; };
		6D0AD9EA25598F6700A6C3A6 /* SceneDelegate.swift */ = {isa = PBXFileReference; lastKnownFileType = sourcecode.swift; path = SceneDelegate.swift; sourceTree = "<group>"; };
		6D0AD9EF25598F6700A6C3A6 /* Base */ = {isa = PBXFileReference; lastKnownFileType = file.storyboard; name = Base; path = Base.lproj/Main.storyboard; sourceTree = "<group>"; };
		6D0AD9F125598F6A00A6C3A6 /* Assets.xcassets */ = {isa = PBXFileReference; lastKnownFileType = folder.assetcatalog; path = Assets.xcassets; sourceTree = "<group>"; };
		6D0AD9F425598F6A00A6C3A6 /* Base */ = {isa = PBXFileReference; lastKnownFileType = file.storyboard; name = Base; path = Base.lproj/LaunchScreen.storyboard; sourceTree = "<group>"; };
		6D0AD9F625598F6A00A6C3A6 /* Info.plist */ = {isa = PBXFileReference; lastKnownFileType = text.plist.xml; path = Info.plist; sourceTree = "<group>"; };
		6D0AD9FB25598F6A00A6C3A6 /* Rager StreakTests.xctest */ = {isa = PBXFileReference; explicitFileType = wrapper.cfbundle; includeInIndex = 0; path = "Rager StreakTests.xctest"; sourceTree = BUILT_PRODUCTS_DIR; };
		6D0AD9FF25598F6A00A6C3A6 /* Rager_StreakTests.swift */ = {isa = PBXFileReference; lastKnownFileType = sourcecode.swift; path = Rager_StreakTests.swift; sourceTree = "<group>"; };
		6D0ADA0125598F6A00A6C3A6 /* Info.plist */ = {isa = PBXFileReference; lastKnownFileType = text.plist.xml; path = Info.plist; sourceTree = "<group>"; };
		6D0ADA0625598F6A00A6C3A6 /* Rager StreakUITests.xctest */ = {isa = PBXFileReference; explicitFileType = wrapper.cfbundle; includeInIndex = 0; path = "Rager StreakUITests.xctest"; sourceTree = BUILT_PRODUCTS_DIR; };
		6D0ADA0A25598F6A00A6C3A6 /* Rager_StreakUITests.swift */ = {isa = PBXFileReference; lastKnownFileType = sourcecode.swift; path = Rager_StreakUITests.swift; sourceTree = "<group>"; };
		6D0ADA0C25598F6A00A6C3A6 /* Info.plist */ = {isa = PBXFileReference; lastKnownFileType = text.plist.xml; path = Info.plist; sourceTree = "<group>"; };
		6D0ADA192559917E00A6C3A6 /* UIColor+Hex.swift */ = {isa = PBXFileReference; lastKnownFileType = sourcecode.swift; path = "UIColor+Hex.swift"; sourceTree = "<group>"; };
		6D26E8D025685E3D00DB6771 /* RSColor.swift */ = {isa = PBXFileReference; lastKnownFileType = sourcecode.swift; path = RSColor.swift; sourceTree = "<group>"; };
		6D26E8D4256863CF00DB6771 /* HomeViewController.swift */ = {isa = PBXFileReference; lastKnownFileType = sourcecode.swift; path = HomeViewController.swift; sourceTree = "<group>"; };
		6D26E8D6256863DE00DB6771 /* HomePresenter.swift */ = {isa = PBXFileReference; lastKnownFileType = sourcecode.swift; name = HomePresenter.swift; path = "/Users/guiulherme.martinelli/Documents/Rager-Streak/Rager Streak/Rager Streak/Home/HomePresenter.swift"; sourceTree = "<absolute>"; };
		6D26E8D8256863EA00DB6771 /* HomeInteractor.swift */ = {isa = PBXFileReference; lastKnownFileType = sourcecode.swift; path = HomeInteractor.swift; sourceTree = "<group>"; };
		6D26E8DA256863F600DB6771 /* HomeRouter.swift */ = {isa = PBXFileReference; lastKnownFileType = sourcecode.swift; path = HomeRouter.swift; sourceTree = "<group>"; };
		6D26E8DD2568642C00DB6771 /* HomeModels.swift */ = {isa = PBXFileReference; lastKnownFileType = sourcecode.swift; path = HomeModels.swift; sourceTree = "<group>"; };
		6D26E8E225686A6000DB6771 /* ImageView+Circle.swift */ = {isa = PBXFileReference; lastKnownFileType = sourcecode.swift; path = "ImageView+Circle.swift"; sourceTree = "<group>"; };
		6D4FD4152567003000DBD4A9 /* RSNavigationBar.swift */ = {isa = PBXFileReference; lastKnownFileType = sourcecode.swift; path = RSNavigationBar.swift; sourceTree = "<group>"; };
		6D4FD418256708D200DBD4A9 /* RSViewController.swift */ = {isa = PBXFileReference; lastKnownFileType = sourcecode.swift; path = RSViewController.swift; sourceTree = "<group>"; };
		6D8CD6122562E392008BB608 /* FirstScreenPresenter.swift */ = {isa = PBXFileReference; lastKnownFileType = sourcecode.swift; path = FirstScreenPresenter.swift; sourceTree = "<group>"; };
		6D8CD6142562E3B6008BB608 /* FirstScreenViewController.swift */ = {isa = PBXFileReference; lastKnownFileType = sourcecode.swift; path = FirstScreenViewController.swift; sourceTree = "<group>"; };
		6D8CD6162562E3DA008BB608 /* FirstScreenInteractor.swift */ = {isa = PBXFileReference; lastKnownFileType = sourcecode.swift; path = FirstScreenInteractor.swift; sourceTree = "<group>"; };
		6D8CD6192562F004008BB608 /* FirstScreenModels.swift */ = {isa = PBXFileReference; lastKnownFileType = sourcecode.swift; path = FirstScreenModels.swift; sourceTree = "<group>"; };
		6D8CD61B2562FACF008BB608 /* UILabel+ChangeText.swift */ = {isa = PBXFileReference; lastKnownFileType = sourcecode.swift; path = "UILabel+ChangeText.swift"; sourceTree = "<group>"; };
		6D8CD61D25630650008BB608 /* FirstScreenRouter.swift */ = {isa = PBXFileReference; lastKnownFileType = sourcecode.swift; path = FirstScreenRouter.swift; sourceTree = "<group>"; };
		6D8CD621256311C3008BB608 /* SecondScreen.storyboard */ = {isa = PBXFileReference; lastKnownFileType = file.storyboard; path = SecondScreen.storyboard; sourceTree = "<group>"; };
		6D8CD6242563138C008BB608 /* SecondScreenViewController.swift */ = {isa = PBXFileReference; lastKnownFileType = sourcecode.swift; path = SecondScreenViewController.swift; sourceTree = "<group>"; };
		6D8CD62625631398008BB608 /* SecondScreenInteractor.swift */ = {isa = PBXFileReference; lastKnownFileType = sourcecode.swift; path = SecondScreenInteractor.swift; sourceTree = "<group>"; };
		6D8CD628256313A8008BB608 /* SecondScreenPresenter.swift */ = {isa = PBXFileReference; lastKnownFileType = sourcecode.swift; path = SecondScreenPresenter.swift; sourceTree = "<group>"; };
		6D8CD62A256313BA008BB608 /* SecondScreenRouter.swift */ = {isa = PBXFileReference; lastKnownFileType = sourcecode.swift; path = SecondScreenRouter.swift; sourceTree = "<group>"; };
		6DBD745B25892588007A3178 /* RSTabBarController.swift */ = {isa = PBXFileReference; lastKnownFileType = sourcecode.swift; path = RSTabBarController.swift; sourceTree = "<group>"; };
		6DD1BE08258A7BA500126B6C /* TableViewCell.swift */ = {isa = PBXFileReference; fileEncoding = 4; lastKnownFileType = sourcecode.swift; name = TableViewCell.swift; path = ../../../../../../.Trash/TableViewCell.swift; sourceTree = "<group>"; };
		6DD1BE09258A7BA500126B6C /* TableViewCell.xib */ = {isa = PBXFileReference; fileEncoding = 4; lastKnownFileType = file.xib; name = TableViewCell.xib; path = ../../../../../../.Trash/TableViewCell.xib; sourceTree = "<group>"; };
		6DD1BE12258A83C600126B6C /* TableViewRagers.swift */ = {isa = PBXFileReference; fileEncoding = 4; lastKnownFileType = sourcecode.swift; name = TableViewRagers.swift; path = ../../../../../../.Trash/TableViewRagers.swift; sourceTree = "<group>"; };
		6DED97292589719200E627CD /* RagersViewController.swift */ = {isa = PBXFileReference; lastKnownFileType = sourcecode.swift; path = RagersViewController.swift; sourceTree = "<group>"; };
		6DED972B258971A200E627CD /* RagersPresenter.swift */ = {isa = PBXFileReference; lastKnownFileType = sourcecode.swift; path = RagersPresenter.swift; sourceTree = "<group>"; };
		6DED972D258971B700E627CD /* RagersInteractor.swift */ = {isa = PBXFileReference; lastKnownFileType = sourcecode.swift; path = RagersInteractor.swift; sourceTree = "<group>"; };
		6DED972F258971CA00E627CD /* RagersRouter.swift */ = {isa = PBXFileReference; lastKnownFileType = sourcecode.swift; path = RagersRouter.swift; sourceTree = "<group>"; };
		6DED9732258971E100E627CD /* RagersModels.swift */ = {isa = PBXFileReference; lastKnownFileType = sourcecode.swift; path = RagersModels.swift; sourceTree = "<group>"; };
		6DEF99FA2566DB6600548A97 /* RSTextField.swift */ = {isa = PBXFileReference; lastKnownFileType = sourcecode.swift; path = RSTextField.swift; sourceTree = "<group>"; };
		6E71E934D23872EAB5ACED6D /* Pods_Rager_Streak.framework */ = {isa = PBXFileReference; explicitFileType = wrapper.framework; includeInIndex = 0; path = Pods_Rager_Streak.framework; sourceTree = BUILT_PRODUCTS_DIR; };
		7F41657E45D61CD56D97C5C6 /* Pods_Rager_StreakTests.framework */ = {isa = PBXFileReference; explicitFileType = wrapper.framework; includeInIndex = 0; path = Pods_Rager_StreakTests.framework; sourceTree = BUILT_PRODUCTS_DIR; };
		D5E4A0372AC8FF65EC29A599 /* Pods-Rager Streak.debug.xcconfig */ = {isa = PBXFileReference; includeInIndex = 1; lastKnownFileType = text.xcconfig; name = "Pods-Rager Streak.debug.xcconfig"; path = "Target Support Files/Pods-Rager Streak/Pods-Rager Streak.debug.xcconfig"; sourceTree = "<group>"; };
		EE67317903D9FA5E71550CDA /* Pods_Rager_Streak_Rager_StreakUITests.framework */ = {isa = PBXFileReference; explicitFileType = wrapper.framework; includeInIndex = 0; path = Pods_Rager_Streak_Rager_StreakUITests.framework; sourceTree = BUILT_PRODUCTS_DIR; };
		FC827A8239961AC191B00A8A /* Pods-Rager StreakTests.debug.xcconfig */ = {isa = PBXFileReference; includeInIndex = 1; lastKnownFileType = text.xcconfig; name = "Pods-Rager StreakTests.debug.xcconfig"; path = "Target Support Files/Pods-Rager StreakTests/Pods-Rager StreakTests.debug.xcconfig"; sourceTree = "<group>"; };
/* End PBXFileReference section */

/* Begin PBXFrameworksBuildPhase section */
		6D0AD9E225598F6700A6C3A6 /* Frameworks */ = {
			isa = PBXFrameworksBuildPhase;
			buildActionMask = 2147483647;
			files = (
				38F03732EC4E68F0DAE9E1CA /* Pods_Rager_Streak.framework in Frameworks */,
			);
			runOnlyForDeploymentPostprocessing = 0;
		};
		6D0AD9F825598F6A00A6C3A6 /* Frameworks */ = {
			isa = PBXFrameworksBuildPhase;
			buildActionMask = 2147483647;
			files = (
				089A42E1D7C1E92A7AA8C049 /* Pods_Rager_StreakTests.framework in Frameworks */,
			);
			runOnlyForDeploymentPostprocessing = 0;
		};
		6D0ADA0325598F6A00A6C3A6 /* Frameworks */ = {
			isa = PBXFrameworksBuildPhase;
			buildActionMask = 2147483647;
			files = (
				490393AC6816B2CFAAB4731B /* Pods_Rager_Streak_Rager_StreakUITests.framework in Frameworks */,
			);
			runOnlyForDeploymentPostprocessing = 0;
		};
/* End PBXFrameworksBuildPhase section */

/* Begin PBXGroup section */
		15F119110307694021A2EDFD /* Frameworks */ = {
			isa = PBXGroup;
			children = (
				6E71E934D23872EAB5ACED6D /* Pods_Rager_Streak.framework */,
				EE67317903D9FA5E71550CDA /* Pods_Rager_Streak_Rager_StreakUITests.framework */,
				7F41657E45D61CD56D97C5C6 /* Pods_Rager_StreakTests.framework */,
			);
			name = Frameworks;
			sourceTree = "<group>";
		};
		6D0AD9DC25598F6700A6C3A6 = {
			isa = PBXGroup;
			children = (
				6D0AD9E725598F6700A6C3A6 /* Rager Streak */,
				6D0AD9FE25598F6A00A6C3A6 /* Rager StreakTests */,
				6D0ADA0925598F6A00A6C3A6 /* Rager StreakUITests */,
				6D0AD9E625598F6700A6C3A6 /* Products */,
				785A2CCCA2506760B8B05038 /* Pods */,
				15F119110307694021A2EDFD /* Frameworks */,
			);
			sourceTree = "<group>";
		};
		6D0AD9E625598F6700A6C3A6 /* Products */ = {
			isa = PBXGroup;
			children = (
				6D0AD9E525598F6700A6C3A6 /* Rager Streak.app */,
				6D0AD9FB25598F6A00A6C3A6 /* Rager StreakTests.xctest */,
				6D0ADA0625598F6A00A6C3A6 /* Rager StreakUITests.xctest */,
			);
			name = Products;
			sourceTree = "<group>";
		};
		6D0AD9E725598F6700A6C3A6 /* Rager Streak */ = {
			isa = PBXGroup;
			children = (
				6DED97282589716E00E627CD /* Ragers */,
				6D26E8D3256863AE00DB6771 /* Home */,
				6D8CD6112562E36D008BB608 /* FirstScreen */,
				6D8CD623256311E8008BB608 /* SecondScreen */,
				6D8CD6182562EFEA008BB608 /* Models */,
				6D0ADA18255990F000A6C3A6 /* Resources */,
				6D4FD4172567087F00DBD4A9 /* Components */,
				6D0AD9EE25598F6700A6C3A6 /* Main.storyboard */,
				6D8CD621256311C3008BB608 /* SecondScreen.storyboard */,
				6D0AD9E825598F6700A6C3A6 /* AppDelegate.swift */,
				6D0AD9EA25598F6700A6C3A6 /* SceneDelegate.swift */,
				6D0AD9F125598F6A00A6C3A6 /* Assets.xcassets */,
				6D0AD9F325598F6A00A6C3A6 /* LaunchScreen.storyboard */,
				6D0AD9F625598F6A00A6C3A6 /* Info.plist */,
			);
			path = "Rager Streak";
			sourceTree = "<group>";
		};
		6D0AD9FE25598F6A00A6C3A6 /* Rager StreakTests */ = {
			isa = PBXGroup;
			children = (
				6D0AD9FF25598F6A00A6C3A6 /* Rager_StreakTests.swift */,
				6D0ADA0125598F6A00A6C3A6 /* Info.plist */,
			);
			path = "Rager StreakTests";
			sourceTree = "<group>";
		};
		6D0ADA0925598F6A00A6C3A6 /* Rager StreakUITests */ = {
			isa = PBXGroup;
			children = (
				6D0ADA0A25598F6A00A6C3A6 /* Rager_StreakUITests.swift */,
				6D0ADA0C25598F6A00A6C3A6 /* Info.plist */,
			);
			path = "Rager StreakUITests";
			sourceTree = "<group>";
		};
		6D0ADA18255990F000A6C3A6 /* Resources */ = {
			isa = PBXGroup;
			children = (
				6D0ADA192559917E00A6C3A6 /* UIColor+Hex.swift */,
				6D8CD61B2562FACF008BB608 /* UILabel+ChangeText.swift */,
				6D26E8E225686A6000DB6771 /* ImageView+Circle.swift */,
			);
			path = Resources;
			sourceTree = "<group>";
		};
		6D26E8D3256863AE00DB6771 /* Home */ = {
			isa = PBXGroup;
			children = (
				6D26E8DC2568641300DB6771 /* Models */,
				6D26E8D6256863DE00DB6771 /* HomePresenter.swift */,
				6D26E8D4256863CF00DB6771 /* HomeViewController.swift */,
				6D26E8D8256863EA00DB6771 /* HomeInteractor.swift */,
				6D26E8DA256863F600DB6771 /* HomeRouter.swift */,
			);
			path = Home;
			sourceTree = "<group>";
		};
		6D26E8DC2568641300DB6771 /* Models */ = {
			isa = PBXGroup;
			children = (
				6D26E8DD2568642C00DB6771 /* HomeModels.swift */,
			);
			path = Models;
			sourceTree = "<group>";
		};
		6D4FD4172567087F00DBD4A9 /* Components */ = {
			isa = PBXGroup;
			children = (
				6DBD745B25892588007A3178 /* RSTabBarController.swift */,
				6DEF99FA2566DB6600548A97 /* RSTextField.swift */,
				6D4FD4152567003000DBD4A9 /* RSNavigationBar.swift */,
				6D4FD418256708D200DBD4A9 /* RSViewController.swift */,
				6D26E8D025685E3D00DB6771 /* RSColor.swift */,
			);
			path = Components;
			sourceTree = "<group>";
		};
		6D8CD6112562E36D008BB608 /* FirstScreen */ = {
			isa = PBXGroup;
			children = (
				6D8CD6142562E3B6008BB608 /* FirstScreenViewController.swift */,
				6D8CD6122562E392008BB608 /* FirstScreenPresenter.swift */,
				6D8CD6162562E3DA008BB608 /* FirstScreenInteractor.swift */,
				6D8CD61D25630650008BB608 /* FirstScreenRouter.swift */,
			);
			path = FirstScreen;
			sourceTree = "<group>";
		};
		6D8CD6182562EFEA008BB608 /* Models */ = {
			isa = PBXGroup;
			children = (
				6D8CD6192562F004008BB608 /* FirstScreenModels.swift */,
			);
			path = Models;
			sourceTree = "<group>";
		};
		6D8CD623256311E8008BB608 /* SecondScreen */ = {
			isa = PBXGroup;
			children = (
				6D8CD6242563138C008BB608 /* SecondScreenViewController.swift */,
				6D8CD628256313A8008BB608 /* SecondScreenPresenter.swift */,
				6D8CD62625631398008BB608 /* SecondScreenInteractor.swift */,
				6D8CD62A256313BA008BB608 /* SecondScreenRouter.swift */,
			);
			path = SecondScreen;
			sourceTree = "<group>";
		};
		6DD1BE07258A7B8700126B6C /* TableViewRagers */ = {
			isa = PBXGroup;
			children = (
				6DD1BE12258A83C600126B6C /* TableViewRagers.swift */,
				6DD1BE08258A7BA500126B6C /* TableViewCell.swift */,
				6DD1BE09258A7BA500126B6C /* TableViewCell.xib */,
			);
			path = TableViewRagers;
			sourceTree = "<group>";
		};
		6DED97282589716E00E627CD /* Ragers */ = {
			isa = PBXGroup;
			children = (
				6DD1BE07258A7B8700126B6C /* TableViewRagers */,
				6DED9731258971CE00E627CD /* Models */,
				6DED97292589719200E627CD /* RagersViewController.swift */,
				6DED972B258971A200E627CD /* RagersPresenter.swift */,
				6DED972D258971B700E627CD /* RagersInteractor.swift */,
				6DED972F258971CA00E627CD /* RagersRouter.swift */,
			);
			path = Ragers;
			sourceTree = "<group>";
		};
		6DED9731258971CE00E627CD /* Models */ = {
			isa = PBXGroup;
			children = (
				6DED9732258971E100E627CD /* RagersModels.swift */,
			);
			path = Models;
			sourceTree = "<group>";
		};
		785A2CCCA2506760B8B05038 /* Pods */ = {
			isa = PBXGroup;
			children = (
				D5E4A0372AC8FF65EC29A599 /* Pods-Rager Streak.debug.xcconfig */,
				5605B90FF3B9E0C821F8B1E1 /* Pods-Rager Streak.release.xcconfig */,
				4F1EE8553246B57FA860A7AA /* Pods-Rager Streak-Rager StreakUITests.debug.xcconfig */,
				11B6545E753BFDC152D9B7C2 /* Pods-Rager Streak-Rager StreakUITests.release.xcconfig */,
				FC827A8239961AC191B00A8A /* Pods-Rager StreakTests.debug.xcconfig */,
				2D59F1CD2A128987A7D4FDB7 /* Pods-Rager StreakTests.release.xcconfig */,
			);
			path = Pods;
			sourceTree = "<group>";
		};
/* End PBXGroup section */

/* Begin PBXNativeTarget section */
		6D0AD9E425598F6700A6C3A6 /* Rager Streak */ = {
			isa = PBXNativeTarget;
			buildConfigurationList = 6D0ADA0F25598F6A00A6C3A6 /* Build configuration list for PBXNativeTarget "Rager Streak" */;
			buildPhases = (
				E045E5E00474E73C16CCB217 /* [CP] Check Pods Manifest.lock */,
				6D0AD9E125598F6700A6C3A6 /* Sources */,
				6D0AD9E225598F6700A6C3A6 /* Frameworks */,
				6D0AD9E325598F6700A6C3A6 /* Resources */,
			);
			buildRules = (
			);
			dependencies = (
			);
			name = "Rager Streak";
			productName = "Rager Streak";
			productReference = 6D0AD9E525598F6700A6C3A6 /* Rager Streak.app */;
			productType = "com.apple.product-type.application";
		};
		6D0AD9FA25598F6A00A6C3A6 /* Rager StreakTests */ = {
			isa = PBXNativeTarget;
			buildConfigurationList = 6D0ADA1225598F6A00A6C3A6 /* Build configuration list for PBXNativeTarget "Rager StreakTests" */;
			buildPhases = (
				06B554A72361818FF3EA7D43 /* [CP] Check Pods Manifest.lock */,
				6D0AD9F725598F6A00A6C3A6 /* Sources */,
				6D0AD9F825598F6A00A6C3A6 /* Frameworks */,
				6D0AD9F925598F6A00A6C3A6 /* Resources */,
			);
			buildRules = (
			);
			dependencies = (
				6D0AD9FD25598F6A00A6C3A6 /* PBXTargetDependency */,
			);
			name = "Rager StreakTests";
			productName = "Rager StreakTests";
			productReference = 6D0AD9FB25598F6A00A6C3A6 /* Rager StreakTests.xctest */;
			productType = "com.apple.product-type.bundle.unit-test";
		};
		6D0ADA0525598F6A00A6C3A6 /* Rager StreakUITests */ = {
			isa = PBXNativeTarget;
			buildConfigurationList = 6D0ADA1525598F6A00A6C3A6 /* Build configuration list for PBXNativeTarget "Rager StreakUITests" */;
			buildPhases = (
				799459B16C97524C2DF41836 /* [CP] Check Pods Manifest.lock */,
				6D0ADA0225598F6A00A6C3A6 /* Sources */,
				6D0ADA0325598F6A00A6C3A6 /* Frameworks */,
				6D0ADA0425598F6A00A6C3A6 /* Resources */,
			);
			buildRules = (
			);
			dependencies = (
				6D0ADA0825598F6A00A6C3A6 /* PBXTargetDependency */,
			);
			name = "Rager StreakUITests";
			productName = "Rager StreakUITests";
			productReference = 6D0ADA0625598F6A00A6C3A6 /* Rager StreakUITests.xctest */;
			productType = "com.apple.product-type.bundle.ui-testing";
		};
/* End PBXNativeTarget section */

/* Begin PBXProject section */
		6D0AD9DD25598F6700A6C3A6 /* Project object */ = {
			isa = PBXProject;
			attributes = {
				LastSwiftUpdateCheck = 1130;
				LastUpgradeCheck = 1130;
				ORGANIZATIONNAME = guilherme.martinelli;
				TargetAttributes = {
					6D0AD9E425598F6700A6C3A6 = {
						CreatedOnToolsVersion = 11.3.1;
					};
					6D0AD9FA25598F6A00A6C3A6 = {
						CreatedOnToolsVersion = 11.3.1;
						TestTargetID = 6D0AD9E425598F6700A6C3A6;
					};
					6D0ADA0525598F6A00A6C3A6 = {
						CreatedOnToolsVersion = 11.3.1;
						TestTargetID = 6D0AD9E425598F6700A6C3A6;
					};
				};
			};
			buildConfigurationList = 6D0AD9E025598F6700A6C3A6 /* Build configuration list for PBXProject "Rager Streak" */;
			compatibilityVersion = "Xcode 9.3";
			developmentRegion = en;
			hasScannedForEncodings = 0;
			knownRegions = (
				en,
				Base,
			);
			mainGroup = 6D0AD9DC25598F6700A6C3A6;
			productRefGroup = 6D0AD9E625598F6700A6C3A6 /* Products */;
			projectDirPath = "";
			projectRoot = "";
			targets = (
				6D0AD9E425598F6700A6C3A6 /* Rager Streak */,
				6D0AD9FA25598F6A00A6C3A6 /* Rager StreakTests */,
				6D0ADA0525598F6A00A6C3A6 /* Rager StreakUITests */,
			);
		};
/* End PBXProject section */

/* Begin PBXResourcesBuildPhase section */
		6D0AD9E325598F6700A6C3A6 /* Resources */ = {
			isa = PBXResourcesBuildPhase;
			buildActionMask = 2147483647;
			files = (
				6D0AD9F525598F6A00A6C3A6 /* LaunchScreen.storyboard in Resources */,
				6DD1BE0E258A7BA500126B6C /* TableViewCell.xib in Resources */,
				6D0AD9F225598F6A00A6C3A6 /* Assets.xcassets in Resources */,
				6D8CD622256311C3008BB608 /* SecondScreen.storyboard in Resources */,
				6D0AD9F025598F6700A6C3A6 /* Main.storyboard in Resources */,
			);
			runOnlyForDeploymentPostprocessing = 0;
		};
		6D0AD9F925598F6A00A6C3A6 /* Resources */ = {
			isa = PBXResourcesBuildPhase;
			buildActionMask = 2147483647;
			files = (
			);
			runOnlyForDeploymentPostprocessing = 0;
		};
		6D0ADA0425598F6A00A6C3A6 /* Resources */ = {
			isa = PBXResourcesBuildPhase;
			buildActionMask = 2147483647;
			files = (
			);
			runOnlyForDeploymentPostprocessing = 0;
		};
/* End PBXResourcesBuildPhase section */

/* Begin PBXShellScriptBuildPhase section */
		06B554A72361818FF3EA7D43 /* [CP] Check Pods Manifest.lock */ = {
			isa = PBXShellScriptBuildPhase;
			buildActionMask = 2147483647;
			files = (
			);
			inputFileListPaths = (
			);
			inputPaths = (
				"${PODS_PODFILE_DIR_PATH}/Podfile.lock",
				"${PODS_ROOT}/Manifest.lock",
			);
			name = "[CP] Check Pods Manifest.lock";
			outputFileListPaths = (
			);
			outputPaths = (
				"$(DERIVED_FILE_DIR)/Pods-Rager StreakTests-checkManifestLockResult.txt",
			);
			runOnlyForDeploymentPostprocessing = 0;
			shellPath = /bin/sh;
			shellScript = "diff \"${PODS_PODFILE_DIR_PATH}/Podfile.lock\" \"${PODS_ROOT}/Manifest.lock\" > /dev/null\nif [ $? != 0 ] ; then\n    # print error to STDERR\n    echo \"error: The sandbox is not in sync with the Podfile.lock. Run 'pod install' or update your CocoaPods installation.\" >&2\n    exit 1\nfi\n# This output is used by Xcode 'outputs' to avoid re-running this script phase.\necho \"SUCCESS\" > \"${SCRIPT_OUTPUT_FILE_0}\"\n";
			showEnvVarsInLog = 0;
		};
		799459B16C97524C2DF41836 /* [CP] Check Pods Manifest.lock */ = {
			isa = PBXShellScriptBuildPhase;
			buildActionMask = 2147483647;
			files = (
			);
			inputFileListPaths = (
			);
			inputPaths = (
				"${PODS_PODFILE_DIR_PATH}/Podfile.lock",
				"${PODS_ROOT}/Manifest.lock",
			);
			name = "[CP] Check Pods Manifest.lock";
			outputFileListPaths = (
			);
			outputPaths = (
				"$(DERIVED_FILE_DIR)/Pods-Rager Streak-Rager StreakUITests-checkManifestLockResult.txt",
			);
			runOnlyForDeploymentPostprocessing = 0;
			shellPath = /bin/sh;
			shellScript = "diff \"${PODS_PODFILE_DIR_PATH}/Podfile.lock\" \"${PODS_ROOT}/Manifest.lock\" > /dev/null\nif [ $? != 0 ] ; then\n    # print error to STDERR\n    echo \"error: The sandbox is not in sync with the Podfile.lock. Run 'pod install' or update your CocoaPods installation.\" >&2\n    exit 1\nfi\n# This output is used by Xcode 'outputs' to avoid re-running this script phase.\necho \"SUCCESS\" > \"${SCRIPT_OUTPUT_FILE_0}\"\n";
			showEnvVarsInLog = 0;
		};
		E045E5E00474E73C16CCB217 /* [CP] Check Pods Manifest.lock */ = {
			isa = PBXShellScriptBuildPhase;
			buildActionMask = 2147483647;
			files = (
			);
			inputFileListPaths = (
			);
			inputPaths = (
				"${PODS_PODFILE_DIR_PATH}/Podfile.lock",
				"${PODS_ROOT}/Manifest.lock",
			);
			name = "[CP] Check Pods Manifest.lock";
			outputFileListPaths = (
			);
			outputPaths = (
				"$(DERIVED_FILE_DIR)/Pods-Rager Streak-checkManifestLockResult.txt",
			);
			runOnlyForDeploymentPostprocessing = 0;
			shellPath = /bin/sh;
			shellScript = "diff \"${PODS_PODFILE_DIR_PATH}/Podfile.lock\" \"${PODS_ROOT}/Manifest.lock\" > /dev/null\nif [ $? != 0 ] ; then\n    # print error to STDERR\n    echo \"error: The sandbox is not in sync with the Podfile.lock. Run 'pod install' or update your CocoaPods installation.\" >&2\n    exit 1\nfi\n# This output is used by Xcode 'outputs' to avoid re-running this script phase.\necho \"SUCCESS\" > \"${SCRIPT_OUTPUT_FILE_0}\"\n";
			showEnvVarsInLog = 0;
		};
/* End PBXShellScriptBuildPhase section */

/* Begin PBXSourcesBuildPhase section */
		6D0AD9E125598F6700A6C3A6 /* Sources */ = {
			isa = PBXSourcesBuildPhase;
			buildActionMask = 2147483647;
			files = (
				6D8CD62725631398008BB608 /* SecondScreenInteractor.swift in Sources */,
				6DED972A2589719200E627CD /* RagersViewController.swift in Sources */,
				6D8CD61E25630650008BB608 /* FirstScreenRouter.swift in Sources */,
				6D4FD419256708D200DBD4A9 /* RSViewController.swift in Sources */,
				6D26E8D9256863EB00DB6771 /* HomeInteractor.swift in Sources */,
				6DED972E258971B700E627CD /* RagersInteractor.swift in Sources */,
				6D8CD62B256313BA008BB608 /* SecondScreenRouter.swift in Sources */,
				6D26E8D125685E3D00DB6771 /* RSColor.swift in Sources */,
				6DED9733258971E100E627CD /* RagersModels.swift in Sources */,
				6D26E8D5256863CF00DB6771 /* HomeViewController.swift in Sources */,
				6D8CD629256313A8008BB608 /* SecondScreenPresenter.swift in Sources */,
				6DD1BE13258A83C600126B6C /* TableViewRagers.swift in Sources */,
				6DEF99FB2566DB6600548A97 /* RSTextField.swift in Sources */,
				6DBD745C25892588007A3178 /* RSTabBarController.swift in Sources */,
				6D0ADA1A2559917E00A6C3A6 /* UIColor+Hex.swift in Sources */,
				6D26E8DE2568642C00DB6771 /* HomeModels.swift in Sources */,
				6DD1BE0D258A7BA500126B6C /* TableViewCell.swift in Sources */,
				6D8CD6152562E3B6008BB608 /* FirstScreenViewController.swift in Sources */,
				6D26E8E325686A6000DB6771 /* ImageView+Circle.swift in Sources */,
				6D4FD4162567003000DBD4A9 /* RSNavigationBar.swift in Sources */,
				6D8CD61A2562F004008BB608 /* FirstScreenModels.swift in Sources */,
				6D8CD6132562E392008BB608 /* FirstScreenPresenter.swift in Sources */,
				6D0AD9E925598F6700A6C3A6 /* AppDelegate.swift in Sources */,
				6D26E8D7256863DE00DB6771 /* HomePresenter.swift in Sources */,
				6DED972C258971A200E627CD /* RagersPresenter.swift in Sources */,
				6D26E8DB256863F600DB6771 /* HomeRouter.swift in Sources */,
				6D8CD6252563138C008BB608 /* SecondScreenViewController.swift in Sources */,
				6D8CD6172562E3DA008BB608 /* FirstScreenInteractor.swift in Sources */,
				6D0AD9EB25598F6700A6C3A6 /* SceneDelegate.swift in Sources */,
				6DED9730258971CA00E627CD /* RagersRouter.swift in Sources */,
				6D8CD61C2562FACF008BB608 /* UILabel+ChangeText.swift in Sources */,
			);
			runOnlyForDeploymentPostprocessing = 0;
		};
		6D0AD9F725598F6A00A6C3A6 /* Sources */ = {
			isa = PBXSourcesBuildPhase;
			buildActionMask = 2147483647;
			files = (
				6D0ADA0025598F6A00A6C3A6 /* Rager_StreakTests.swift in Sources */,
			);
			runOnlyForDeploymentPostprocessing = 0;
		};
		6D0ADA0225598F6A00A6C3A6 /* Sources */ = {
			isa = PBXSourcesBuildPhase;
			buildActionMask = 2147483647;
			files = (
				6D0ADA0B25598F6A00A6C3A6 /* Rager_StreakUITests.swift in Sources */,
			);
			runOnlyForDeploymentPostprocessing = 0;
		};
/* End PBXSourcesBuildPhase section */

/* Begin PBXTargetDependency section */
		6D0AD9FD25598F6A00A6C3A6 /* PBXTargetDependency */ = {
			isa = PBXTargetDependency;
			target = 6D0AD9E425598F6700A6C3A6 /* Rager Streak */;
			targetProxy = 6D0AD9FC25598F6A00A6C3A6 /* PBXContainerItemProxy */;
		};
		6D0ADA0825598F6A00A6C3A6 /* PBXTargetDependency */ = {
			isa = PBXTargetDependency;
			target = 6D0AD9E425598F6700A6C3A6 /* Rager Streak */;
			targetProxy = 6D0ADA0725598F6A00A6C3A6 /* PBXContainerItemProxy */;
		};
/* End PBXTargetDependency section */

/* Begin PBXVariantGroup section */
		6D0AD9EE25598F6700A6C3A6 /* Main.storyboard */ = {
			isa = PBXVariantGroup;
			children = (
				6D0AD9EF25598F6700A6C3A6 /* Base */,
			);
			name = Main.storyboard;
			sourceTree = "<group>";
		};
		6D0AD9F325598F6A00A6C3A6 /* LaunchScreen.storyboard */ = {
			isa = PBXVariantGroup;
			children = (
				6D0AD9F425598F6A00A6C3A6 /* Base */,
			);
			name = LaunchScreen.storyboard;
			sourceTree = "<group>";
		};
/* End PBXVariantGroup section */

/* Begin XCBuildConfiguration section */
		6D0ADA0D25598F6A00A6C3A6 /* Debug */ = {
			isa = XCBuildConfiguration;
			buildSettings = {
				ALWAYS_SEARCH_USER_PATHS = NO;
				CLANG_ANALYZER_NONNULL = YES;
				CLANG_ANALYZER_NUMBER_OBJECT_CONVERSION = YES_AGGRESSIVE;
				CLANG_CXX_LANGUAGE_STANDARD = "gnu++14";
				CLANG_CXX_LIBRARY = "libc++";
				CLANG_ENABLE_MODULES = YES;
				CLANG_ENABLE_OBJC_ARC = YES;
				CLANG_ENABLE_OBJC_WEAK = YES;
				CLANG_WARN_BLOCK_CAPTURE_AUTORELEASING = YES;
				CLANG_WARN_BOOL_CONVERSION = YES;
				CLANG_WARN_COMMA = YES;
				CLANG_WARN_CONSTANT_CONVERSION = YES;
				CLANG_WARN_DEPRECATED_OBJC_IMPLEMENTATIONS = YES;
				CLANG_WARN_DIRECT_OBJC_ISA_USAGE = YES_ERROR;
				CLANG_WARN_DOCUMENTATION_COMMENTS = YES;
				CLANG_WARN_EMPTY_BODY = YES;
				CLANG_WARN_ENUM_CONVERSION = YES;
				CLANG_WARN_INFINITE_RECURSION = YES;
				CLANG_WARN_INT_CONVERSION = YES;
				CLANG_WARN_NON_LITERAL_NULL_CONVERSION = YES;
				CLANG_WARN_OBJC_IMPLICIT_RETAIN_SELF = YES;
				CLANG_WARN_OBJC_LITERAL_CONVERSION = YES;
				CLANG_WARN_OBJC_ROOT_CLASS = YES_ERROR;
				CLANG_WARN_RANGE_LOOP_ANALYSIS = YES;
				CLANG_WARN_STRICT_PROTOTYPES = YES;
				CLANG_WARN_SUSPICIOUS_MOVE = YES;
				CLANG_WARN_UNGUARDED_AVAILABILITY = YES_AGGRESSIVE;
				CLANG_WARN_UNREACHABLE_CODE = YES;
				CLANG_WARN__DUPLICATE_METHOD_MATCH = YES;
				COPY_PHASE_STRIP = NO;
				DEBUG_INFORMATION_FORMAT = dwarf;
				ENABLE_STRICT_OBJC_MSGSEND = YES;
				ENABLE_TESTABILITY = YES;
				GCC_C_LANGUAGE_STANDARD = gnu11;
				GCC_DYNAMIC_NO_PIC = NO;
				GCC_NO_COMMON_BLOCKS = YES;
				GCC_OPTIMIZATION_LEVEL = 0;
				GCC_PREPROCESSOR_DEFINITIONS = (
					"DEBUG=1",
					"$(inherited)",
				);
				GCC_WARN_64_TO_32_BIT_CONVERSION = YES;
				GCC_WARN_ABOUT_RETURN_TYPE = YES_ERROR;
				GCC_WARN_UNDECLARED_SELECTOR = YES;
				GCC_WARN_UNINITIALIZED_AUTOS = YES_AGGRESSIVE;
				GCC_WARN_UNUSED_FUNCTION = YES;
				GCC_WARN_UNUSED_VARIABLE = YES;
				IPHONEOS_DEPLOYMENT_TARGET = 13.2;
				MTL_ENABLE_DEBUG_INFO = INCLUDE_SOURCE;
				MTL_FAST_MATH = YES;
				ONLY_ACTIVE_ARCH = YES;
				SDKROOT = iphoneos;
				SWIFT_ACTIVE_COMPILATION_CONDITIONS = DEBUG;
				SWIFT_OPTIMIZATION_LEVEL = "-Onone";
			};
			name = Debug;
		};
		6D0ADA0E25598F6A00A6C3A6 /* Release */ = {
			isa = XCBuildConfiguration;
			buildSettings = {
				ALWAYS_SEARCH_USER_PATHS = NO;
				CLANG_ANALYZER_NONNULL = YES;
				CLANG_ANALYZER_NUMBER_OBJECT_CONVERSION = YES_AGGRESSIVE;
				CLANG_CXX_LANGUAGE_STANDARD = "gnu++14";
				CLANG_CXX_LIBRARY = "libc++";
				CLANG_ENABLE_MODULES = YES;
				CLANG_ENABLE_OBJC_ARC = YES;
				CLANG_ENABLE_OBJC_WEAK = YES;
				CLANG_WARN_BLOCK_CAPTURE_AUTORELEASING = YES;
				CLANG_WARN_BOOL_CONVERSION = YES;
				CLANG_WARN_COMMA = YES;
				CLANG_WARN_CONSTANT_CONVERSION = YES;
				CLANG_WARN_DEPRECATED_OBJC_IMPLEMENTATIONS = YES;
				CLANG_WARN_DIRECT_OBJC_ISA_USAGE = YES_ERROR;
				CLANG_WARN_DOCUMENTATION_COMMENTS = YES;
				CLANG_WARN_EMPTY_BODY = YES;
				CLANG_WARN_ENUM_CONVERSION = YES;
				CLANG_WARN_INFINITE_RECURSION = YES;
				CLANG_WARN_INT_CONVERSION = YES;
				CLANG_WARN_NON_LITERAL_NULL_CONVERSION = YES;
				CLANG_WARN_OBJC_IMPLICIT_RETAIN_SELF = YES;
				CLANG_WARN_OBJC_LITERAL_CONVERSION = YES;
				CLANG_WARN_OBJC_ROOT_CLASS = YES_ERROR;
				CLANG_WARN_RANGE_LOOP_ANALYSIS = YES;
				CLANG_WARN_STRICT_PROTOTYPES = YES;
				CLANG_WARN_SUSPICIOUS_MOVE = YES;
				CLANG_WARN_UNGUARDED_AVAILABILITY = YES_AGGRESSIVE;
				CLANG_WARN_UNREACHABLE_CODE = YES;
				CLANG_WARN__DUPLICATE_METHOD_MATCH = YES;
				COPY_PHASE_STRIP = NO;
				DEBUG_INFORMATION_FORMAT = "dwarf-with-dsym";
				ENABLE_NS_ASSERTIONS = NO;
				ENABLE_STRICT_OBJC_MSGSEND = YES;
				GCC_C_LANGUAGE_STANDARD = gnu11;
				GCC_NO_COMMON_BLOCKS = YES;
				GCC_WARN_64_TO_32_BIT_CONVERSION = YES;
				GCC_WARN_ABOUT_RETURN_TYPE = YES_ERROR;
				GCC_WARN_UNDECLARED_SELECTOR = YES;
				GCC_WARN_UNINITIALIZED_AUTOS = YES_AGGRESSIVE;
				GCC_WARN_UNUSED_FUNCTION = YES;
				GCC_WARN_UNUSED_VARIABLE = YES;
				IPHONEOS_DEPLOYMENT_TARGET = 13.2;
				MTL_ENABLE_DEBUG_INFO = NO;
				MTL_FAST_MATH = YES;
				SDKROOT = iphoneos;
				SWIFT_COMPILATION_MODE = wholemodule;
				SWIFT_OPTIMIZATION_LEVEL = "-O";
				VALIDATE_PRODUCT = YES;
			};
			name = Release;
		};
		6D0ADA1025598F6A00A6C3A6 /* Debug */ = {
			isa = XCBuildConfiguration;
			baseConfigurationReference = D5E4A0372AC8FF65EC29A599 /* Pods-Rager Streak.debug.xcconfig */;
			buildSettings = {
				ASSETCATALOG_COMPILER_APPICON_NAME = AppIcon;
				CODE_SIGN_STYLE = Automatic;
				DEVELOPMENT_TEAM = 72TG3PX74G;
				INFOPLIST_FILE = "Rager Streak/Info.plist";
				LD_RUNPATH_SEARCH_PATHS = (
					"$(inherited)",
					"@executable_path/Frameworks",
				);
				PRODUCT_BUNDLE_IDENTIFIER = "guilherme.Rager-Streak";
				PRODUCT_NAME = "$(TARGET_NAME)";
				SWIFT_VERSION = 5.0;
				TARGETED_DEVICE_FAMILY = "1,2";
			};
			name = Debug;
		};
		6D0ADA1125598F6A00A6C3A6 /* Release */ = {
			isa = XCBuildConfiguration;
			baseConfigurationReference = 5605B90FF3B9E0C821F8B1E1 /* Pods-Rager Streak.release.xcconfig */;
			buildSettings = {
				ASSETCATALOG_COMPILER_APPICON_NAME = AppIcon;
				CODE_SIGN_STYLE = Automatic;
				DEVELOPMENT_TEAM = 72TG3PX74G;
				INFOPLIST_FILE = "Rager Streak/Info.plist";
				LD_RUNPATH_SEARCH_PATHS = (
					"$(inherited)",
					"@executable_path/Frameworks",
				);
				PRODUCT_BUNDLE_IDENTIFIER = "guilherme.Rager-Streak";
				PRODUCT_NAME = "$(TARGET_NAME)";
				SWIFT_VERSION = 5.0;
				TARGETED_DEVICE_FAMILY = "1,2";
			};
			name = Release;
		};
		6D0ADA1325598F6A00A6C3A6 /* Debug */ = {
			isa = XCBuildConfiguration;
			baseConfigurationReference = FC827A8239961AC191B00A8A /* Pods-Rager StreakTests.debug.xcconfig */;
			buildSettings = {
				ALWAYS_EMBED_SWIFT_STANDARD_LIBRARIES = YES;
				BUNDLE_LOADER = "$(TEST_HOST)";
				CODE_SIGN_STYLE = Automatic;
				INFOPLIST_FILE = "Rager StreakTests/Info.plist";
				IPHONEOS_DEPLOYMENT_TARGET = 13.2;
				LD_RUNPATH_SEARCH_PATHS = (
					"$(inherited)",
					"@executable_path/Frameworks",
					"@loader_path/Frameworks",
				);
				PRODUCT_BUNDLE_IDENTIFIER = "guilherme.Rager-StreakTests";
				PRODUCT_NAME = "$(TARGET_NAME)";
				SWIFT_VERSION = 5.0;
				TARGETED_DEVICE_FAMILY = "1,2";
				TEST_HOST = "$(BUILT_PRODUCTS_DIR)/Rager Streak.app/Rager Streak";
			};
			name = Debug;
		};
		6D0ADA1425598F6A00A6C3A6 /* Release */ = {
			isa = XCBuildConfiguration;
			baseConfigurationReference = 2D59F1CD2A128987A7D4FDB7 /* Pods-Rager StreakTests.release.xcconfig */;
			buildSettings = {
				ALWAYS_EMBED_SWIFT_STANDARD_LIBRARIES = YES;
				BUNDLE_LOADER = "$(TEST_HOST)";
				CODE_SIGN_STYLE = Automatic;
				INFOPLIST_FILE = "Rager StreakTests/Info.plist";
				IPHONEOS_DEPLOYMENT_TARGET = 13.2;
				LD_RUNPATH_SEARCH_PATHS = (
					"$(inherited)",
					"@executable_path/Frameworks",
					"@loader_path/Frameworks",
				);
				PRODUCT_BUNDLE_IDENTIFIER = "guilherme.Rager-StreakTests";
				PRODUCT_NAME = "$(TARGET_NAME)";
				SWIFT_VERSION = 5.0;
				TARGETED_DEVICE_FAMILY = "1,2";
				TEST_HOST = "$(BUILT_PRODUCTS_DIR)/Rager Streak.app/Rager Streak";
			};
			name = Release;
		};
		6D0ADA1625598F6A00A6C3A6 /* Debug */ = {
			isa = XCBuildConfiguration;
			baseConfigurationReference = 4F1EE8553246B57FA860A7AA /* Pods-Rager Streak-Rager StreakUITests.debug.xcconfig */;
			buildSettings = {
				ALWAYS_EMBED_SWIFT_STANDARD_LIBRARIES = YES;
				CODE_SIGN_STYLE = Automatic;
				INFOPLIST_FILE = "Rager StreakUITests/Info.plist";
				LD_RUNPATH_SEARCH_PATHS = (
					"$(inherited)",
					"@executable_path/Frameworks",
					"@loader_path/Frameworks",
				);
				PRODUCT_BUNDLE_IDENTIFIER = "guilherme.Rager-StreakUITests";
				PRODUCT_NAME = "$(TARGET_NAME)";
				SWIFT_VERSION = 5.0;
				TARGETED_DEVICE_FAMILY = "1,2";
				TEST_TARGET_NAME = "Rager Streak";
			};
			name = Debug;
		};
		6D0ADA1725598F6A00A6C3A6 /* Release */ = {
			isa = XCBuildConfiguration;
			baseConfigurationReference = 11B6545E753BFDC152D9B7C2 /* Pods-Rager Streak-Rager StreakUITests.release.xcconfig */;
			buildSettings = {
				ALWAYS_EMBED_SWIFT_STANDARD_LIBRARIES = YES;
				CODE_SIGN_STYLE = Automatic;
				INFOPLIST_FILE = "Rager StreakUITests/Info.plist";
				LD_RUNPATH_SEARCH_PATHS = (
					"$(inherited)",
					"@executable_path/Frameworks",
					"@loader_path/Frameworks",
				);
				PRODUCT_BUNDLE_IDENTIFIER = "guilherme.Rager-StreakUITests";
				PRODUCT_NAME = "$(TARGET_NAME)";
				SWIFT_VERSION = 5.0;
				TARGETED_DEVICE_FAMILY = "1,2";
				TEST_TARGET_NAME = "Rager Streak";
			};
			name = Release;
		};
/* End XCBuildConfiguration section */

/* Begin XCConfigurationList section */
		6D0AD9E025598F6700A6C3A6 /* Build configuration list for PBXProject "Rager Streak" */ = {
			isa = XCConfigurationList;
			buildConfigurations = (
				6D0ADA0D25598F6A00A6C3A6 /* Debug */,
				6D0ADA0E25598F6A00A6C3A6 /* Release */,
			);
			defaultConfigurationIsVisible = 0;
			defaultConfigurationName = Release;
		};
		6D0ADA0F25598F6A00A6C3A6 /* Build configuration list for PBXNativeTarget "Rager Streak" */ = {
			isa = XCConfigurationList;
			buildConfigurations = (
				6D0ADA1025598F6A00A6C3A6 /* Debug */,
				6D0ADA1125598F6A00A6C3A6 /* Release */,
			);
			defaultConfigurationIsVisible = 0;
			defaultConfigurationName = Release;
		};
		6D0ADA1225598F6A00A6C3A6 /* Build configuration list for PBXNativeTarget "Rager StreakTests" */ = {
			isa = XCConfigurationList;
			buildConfigurations = (
				6D0ADA1325598F6A00A6C3A6 /* Debug */,
				6D0ADA1425598F6A00A6C3A6 /* Release */,
			);
			defaultConfigurationIsVisible = 0;
			defaultConfigurationName = Release;
		};
		6D0ADA1525598F6A00A6C3A6 /* Build configuration list for PBXNativeTarget "Rager StreakUITests" */ = {
			isa = XCConfigurationList;
			buildConfigurations = (
				6D0ADA1625598F6A00A6C3A6 /* Debug */,
				6D0ADA1725598F6A00A6C3A6 /* Release */,
			);
			defaultConfigurationIsVisible = 0;
			defaultConfigurationName = Release;
		};
/* End XCConfigurationList section */
	};
	rootObject = 6D0AD9DD25598F6700A6C3A6 /* Project object */;
}
